
Microsoft Visual Studio Solution File, Format Version 12.00
# Visual Studio Version 16
VisualStudioVersion = 16.0.30804.86
MinimumVisualStudioVersion = 10.0.40219.1
Project("{FAE04EC0-301F-11D3-BF4B-00C04F79EFBC}") = "LatihanOverloadingMethod", "LatihanOverloadingMethod\LatihanOverloadingMethod.csproj", "{4133D88B-F33E-4070-8E8E-6D51D5724779}"
EndProject
Global
	GlobalSection(SolutionConfigurationPlatforms) = preSolution
		Debug|Any CPU = Debug|Any CPU
		Release|Any CPU = Release|Any CPU
	EndGlobalSection
	GlobalSection(ProjectConfigurationPlatforms) = postSolution
		{4133D88B-F33E-4070-8E8E-6D51D5724779}.Debug|Any CPU.ActiveCfg = Debug|Any CPU
		{4133D88B-F33E-4070-8E8E-6D51D5724779}.Debug|Any CPU.Build.0 = Debug|Any CPU
		{4133D88B-F33E-4070-8E8E-6D51D5724779}.Release|Any CPU.ActiveCfg = Release|Any CPU
		{4133D88B-F33E-4070-8E8E-6D51D5724779}.Release|Any CPU.Build.0 = Release|Any CPU
	EndGlobalSection
	GlobalSection(SolutionProperties) = preSolution
		HideSolutionNode = FALSE
	EndGlobalSection
	GlobalSection(ExtensibilityGlobals) = postSolution
		SolutionGuid = {CBD8BBDD-11C3-4ACC-B691-9788AC348D6E}
	EndGlobalSection
EndGlobal
